
Microsoft Visual Studio Solution File, Format Version 12.00
# Visual Studio Version 17
VisualStudioVersion = 17.14.36119.2 d17.14
MinimumVisualStudioVersion = 10.0.40219.1
Project("{FAE04EC0-301F-11D3-BF4B-00C04F79EFBC}") = "BlazorUnsafeEval", "BlazorUnsafeEval\BlazorUnsafeEval\BlazorUnsafeEval.csproj", "{58ED6B45-BCBB-4C88-A3F8-0A8E77E6B006}"
EndProject
Project("{FAE04EC0-301F-11D3-BF4B-00C04F79EFBC}") = "BlazorUnsafeEval.Client", "BlazorUnsafeEval\BlazorUnsafeEval.Client\BlazorUnsafeEval.Client.csproj", "{E434CEFF-A8BD-4CFA-8AAA-B4A2ED3AD203}"
EndProject
Global
	GlobalSection(SolutionConfigurationPlatforms) = preSolution
		Debug|Any CPU = Debug|Any CPU
		Release|Any CPU = Release|Any CPU
	EndGlobalSection
	GlobalSection(ProjectConfigurationPlatforms) = postSolution
		{58ED6B45-BCBB-4C88-A3F8-0A8E77E6B006}.Debug|Any CPU.ActiveCfg = Debug|Any CPU
		{58ED6B45-BCBB-4C88-A3F8-0A8E77E6B006}.Debug|Any CPU.Build.0 = Debug|Any CPU
		{58ED6B45-BCBB-4C88-A3F8-0A8E77E6B006}.Release|Any CPU.ActiveCfg = Release|Any CPU
		{58ED6B45-BCBB-4C88-A3F8-0A8E77E6B006}.Release|Any CPU.Build.0 = Release|Any CPU
		{E434CEFF-A8BD-4CFA-8AAA-B4A2ED3AD203}.Debug|Any CPU.ActiveCfg = Debug|Any CPU
		{E434CEFF-A8BD-4CFA-8AAA-B4A2ED3AD203}.Debug|Any CPU.Build.0 = Debug|Any CPU
		{E434CEFF-A8BD-4CFA-8AAA-B4A2ED3AD203}.Release|Any CPU.ActiveCfg = Release|Any CPU
		{E434CEFF-A8BD-4CFA-8AAA-B4A2ED3AD203}.Release|Any CPU.Build.0 = Release|Any CPU
	EndGlobalSection
	GlobalSection(SolutionProperties) = preSolution
		HideSolutionNode = FALSE
	EndGlobalSection
	GlobalSection(ExtensibilityGlobals) = postSolution
		SolutionGuid = {CC596FC2-6553-4CD8-BCA5-668DED87DD1C}
	EndGlobalSection
EndGlobal
